// !$*UTF8*$!
{
	archiveVersion = 1;
	classes = {
	};
	objectVersion = 48;
	objects = {

/* Begin PBXBuildFile section */
		897171EF1FE71C010072FBBE /* AppDelegate.swift in Sources */ = {isa = PBXBuildFile; fileRef = 897171EE1FE71C010072FBBE /* AppDelegate.swift */; };
		897171F11FE71C010072FBBE /* ViewController.swift in Sources */ = {isa = PBXBuildFile; fileRef = 897171F01FE71C010072FBBE /* ViewController.swift */; };
		897171F41FE71C010072FBBE /* Main.storyboard in Resources */ = {isa = PBXBuildFile; fileRef = 897171F21FE71C010072FBBE /* Main.storyboard */; };
		897171F61FE71C010072FBBE /* Assets.xcassets in Resources */ = {isa = PBXBuildFile; fileRef = 897171F51FE71C010072FBBE /* Assets.xcassets */; };
		897171F91FE71C010072FBBE /* LaunchScreen.storyboard in Resources */ = {isa = PBXBuildFile; fileRef = 897171F71FE71C010072FBBE /* LaunchScreen.storyboard */; };
		897172221FE7BDB00072FBBE /* icon_refresh@2x.png in Resources */ = {isa = PBXBuildFile; fileRef = 897172011FE7BDB00072FBBE /* icon_refresh@2x.png */; };
		897172231FE7BDB00072FBBE /* icon_mapview-deselected.png in Resources */ = {isa = PBXBuildFile; fileRef = 897172021FE7BDB00072FBBE /* icon_mapview-deselected.png */; };
		897172241FE7BDB00072FBBE /* loading@2x.png in Resources */ = {isa = PBXBuildFile; fileRef = 897172031FE7BDB00072FBBE /* loading@2x.png */; };
		897172251FE7BDB00072FBBE /* icon_world@2x.png in Resources */ = {isa = PBXBuildFile; fileRef = 897172041FE7BDB00072FBBE /* icon_world@2x.png */; };
		897172261FE7BDB00072FBBE /* icon_pin@3x.png in Resources */ = {isa = PBXBuildFile; fileRef = 897172051FE7BDB00072FBBE /* icon_pin@3x.png */; };
		897172271FE7BDB00072FBBE /* icon_listview-selected.png in Resources */ = {isa = PBXBuildFile; fileRef = 897172061FE7BDB00072FBBE /* icon_listview-selected.png */; };
		897172281FE7BDB00072FBBE /* icon_mapview-selected@2x.png in Resources */ = {isa = PBXBuildFile; fileRef = 897172071FE7BDB00072FBBE /* icon_mapview-selected@2x.png */; };
		897172291FE7BDB00072FBBE /* icon_addpin@2x.png in Resources */ = {isa = PBXBuildFile; fileRef = 897172081FE7BDB00072FBBE /* icon_addpin@2x.png */; };
		8971722A1FE7BDB00072FBBE /* icon_listview-selected@2x.png in Resources */ = {isa = PBXBuildFile; fileRef = 897172091FE7BDB00072FBBE /* icon_listview-selected@2x.png */; };
		8971722B1FE7BDB00072FBBE /* icon_listview-selected@3x.png in Resources */ = {isa = PBXBuildFile; fileRef = 8971720A1FE7BDB00072FBBE /* icon_listview-selected@3x.png */; };
		8971722C1FE7BDB00072FBBE /* icon_addpin@3x.png in Resources */ = {isa = PBXBuildFile; fileRef = 8971720B1FE7BDB00072FBBE /* icon_addpin@3x.png */; };
		8971722D1FE7BDB00072FBBE /* icon_mapview-selected@3x.png in Resources */ = {isa = PBXBuildFile; fileRef = 8971720C1FE7BDB00072FBBE /* icon_mapview-selected@3x.png */; };
		8971722E1FE7BDB00072FBBE /* icon_pin@2x.png in Resources */ = {isa = PBXBuildFile; fileRef = 8971720D1FE7BDB00072FBBE /* icon_pin@2x.png */; };
		8971722F1FE7BDB00072FBBE /* icon_world@3x.png in Resources */ = {isa = PBXBuildFile; fileRef = 8971720E1FE7BDB00072FBBE /* icon_world@3x.png */; };
		897172301FE7BDB00072FBBE /* loading@3x.png in Resources */ = {isa = PBXBuildFile; fileRef = 8971720F1FE7BDB00072FBBE /* loading@3x.png */; };
		897172311FE7BDB00072FBBE /* icon_refresh@3x.png in Resources */ = {isa = PBXBuildFile; fileRef = 897172101FE7BDB00072FBBE /* icon_refresh@3x.png */; };
		897172321FE7BDB00072FBBE /* icon_refresh.png in Resources */ = {isa = PBXBuildFile; fileRef = 897172111FE7BDB00072FBBE /* icon_refresh.png */; };
		897172331FE7BDB00072FBBE /* logo-u@2x.png in Resources */ = {isa = PBXBuildFile; fileRef = 897172121FE7BDB00072FBBE /* logo-u@2x.png */; };
		897172341FE7BDB00072FBBE /* icon_back-arrow@2x.png in Resources */ = {isa = PBXBuildFile; fileRef = 897172131FE7BDB00072FBBE /* icon_back-arrow@2x.png */; };
		897172351FE7BDB00072FBBE /* icon_back-arrow@3x.png in Resources */ = {isa = PBXBuildFile; fileRef = 897172141FE7BDB00072FBBE /* icon_back-arrow@3x.png */; };
		897172361FE7BDB00072FBBE /* logo-u@3x.png in Resources */ = {isa = PBXBuildFile; fileRef = 897172151FE7BDB00072FBBE /* logo-u@3x.png */; };
		897172371FE7BDB00072FBBE /* icon_back-arrow.png in Resources */ = {isa = PBXBuildFile; fileRef = 897172161FE7BDB00072FBBE /* icon_back-arrow.png */; };
		897172381FE7BDB00072FBBE /* icon_listview-deselected@2x.png in Resources */ = {isa = PBXBuildFile; fileRef = 897172171FE7BDB00072FBBE /* icon_listview-deselected@2x.png */; };
		897172391FE7BDB00072FBBE /* logo-u.png in Resources */ = {isa = PBXBuildFile; fileRef = 897172181FE7BDB00072FBBE /* logo-u.png */; };
		8971723A1FE7BDB00072FBBE /* icon_listview-deselected@3x.png in Resources */ = {isa = PBXBuildFile; fileRef = 897172191FE7BDB00072FBBE /* icon_listview-deselected@3x.png */; };
		8971723B1FE7BDB00072FBBE /* icon_listview-deselected.png in Resources */ = {isa = PBXBuildFile; fileRef = 8971721A1FE7BDB00072FBBE /* icon_listview-deselected.png */; };
		8971723C1FE7BDB00072FBBE /* icon_mapview-deselected@2x.png in Resources */ = {isa = PBXBuildFile; fileRef = 8971721B1FE7BDB00072FBBE /* icon_mapview-deselected@2x.png */; };
		8971723D1FE7BDB00072FBBE /* icon_addpin.png in Resources */ = {isa = PBXBuildFile; fileRef = 8971721C1FE7BDB00072FBBE /* icon_addpin.png */; };
		8971723E1FE7BDB00072FBBE /* icon_world.png in Resources */ = {isa = PBXBuildFile; fileRef = 8971721D1FE7BDB00072FBBE /* icon_world.png */; };
		8971723F1FE7BDB00072FBBE /* loading.png in Resources */ = {isa = PBXBuildFile; fileRef = 8971721E1FE7BDB00072FBBE /* loading.png */; };
		897172401FE7BDB00072FBBE /* icon_pin.png in Resources */ = {isa = PBXBuildFile; fileRef = 8971721F1FE7BDB00072FBBE /* icon_pin.png */; };
		897172411FE7BDB00072FBBE /* icon_mapview-deselected@3x.png in Resources */ = {isa = PBXBuildFile; fileRef = 897172201FE7BDB00072FBBE /* icon_mapview-deselected@3x.png */; };
		897172421FE7BDB00072FBBE /* icon_mapview-selected.png in Resources */ = {isa = PBXBuildFile; fileRef = 897172211FE7BDB00072FBBE /* icon_mapview-selected.png */; };
/* End PBXBuildFile section */

/* Begin PBXFileReference section */
		897171EB1FE71C010072FBBE /* On The Map.app */ = {isa = PBXFileReference; explicitFileType = wrapper.application; includeInIndex = 0; path = "On The Map.app"; sourceTree = BUILT_PRODUCTS_DIR; };
		897171EE1FE71C010072FBBE /* AppDelegate.swift */ = {isa = PBXFileReference; lastKnownFileType = sourcecode.swift; path = AppDelegate.swift; sourceTree = "<group>"; };
		897171F01FE71C010072FBBE /* ViewController.swift */ = {isa = PBXFileReference; lastKnownFileType = sourcecode.swift; path = ViewController.swift; sourceTree = "<group>"; };
		897171F31FE71C010072FBBE /* Base */ = {isa = PBXFileReference; lastKnownFileType = file.storyboard; name = Base; path = Base.lproj/Main.storyboard; sourceTree = "<group>"; };
		897171F51FE71C010072FBBE /* Assets.xcassets */ = {isa = PBXFileReference; lastKnownFileType = folder.assetcatalog; path = Assets.xcassets; sourceTree = "<group>"; };
		897171F81FE71C010072FBBE /* Base */ = {isa = PBXFileReference; lastKnownFileType = file.storyboard; name = Base; path = Base.lproj/LaunchScreen.storyboard; sourceTree = "<group>"; };
		897171FA1FE71C010072FBBE /* Info.plist */ = {isa = PBXFileReference; lastKnownFileType = text.plist.xml; path = Info.plist; sourceTree = "<group>"; };
		897172011FE7BDB00072FBBE /* icon_refresh@2x.png */ = {isa = PBXFileReference; lastKnownFileType = image.png; path = "icon_refresh@2x.png"; sourceTree = "<group>"; };
		897172021FE7BDB00072FBBE /* icon_mapview-deselected.png */ = {isa = PBXFileReference; lastKnownFileType = image.png; path = "icon_mapview-deselected.png"; sourceTree = "<group>"; };
		897172031FE7BDB00072FBBE /* loading@2x.png */ = {isa = PBXFileReference; lastKnownFileType = image.png; path = "loading@2x.png"; sourceTree = "<group>"; };
		897172041FE7BDB00072FBBE /* icon_world@2x.png */ = {isa = PBXFileReference; lastKnownFileType = image.png; path = "icon_world@2x.png"; sourceTree = "<group>"; };
		897172051FE7BDB00072FBBE /* icon_pin@3x.png */ = {isa = PBXFileReference; lastKnownFileType = image.png; path = "icon_pin@3x.png"; sourceTree = "<group>"; };
		897172061FE7BDB00072FBBE /* icon_listview-selected.png */ = {isa = PBXFileReference; lastKnownFileType = image.png; path = "icon_listview-selected.png"; sourceTree = "<group>"; };
		897172071FE7BDB00072FBBE /* icon_mapview-selected@2x.png */ = {isa = PBXFileReference; lastKnownFileType = image.png; path = "icon_mapview-selected@2x.png"; sourceTree = "<group>"; };
		897172081FE7BDB00072FBBE /* icon_addpin@2x.png */ = {isa = PBXFileReference; lastKnownFileType = image.png; path = "icon_addpin@2x.png"; sourceTree = "<group>"; };
		897172091FE7BDB00072FBBE /* icon_listview-selected@2x.png */ = {isa = PBXFileReference; lastKnownFileType = image.png; path = "icon_listview-selected@2x.png"; sourceTree = "<group>"; };
		8971720A1FE7BDB00072FBBE /* icon_listview-selected@3x.png */ = {isa = PBXFileReference; lastKnownFileType = image.png; path = "icon_listview-selected@3x.png"; sourceTree = "<group>"; };
		8971720B1FE7BDB00072FBBE /* icon_addpin@3x.png */ = {isa = PBXFileReference; lastKnownFileType = image.png; path = "icon_addpin@3x.png"; sourceTree = "<group>"; };
		8971720C1FE7BDB00072FBBE /* icon_mapview-selected@3x.png */ = {isa = PBXFileReference; lastKnownFileType = image.png; path = "icon_mapview-selected@3x.png"; sourceTree = "<group>"; };
		8971720D1FE7BDB00072FBBE /* icon_pin@2x.png */ = {isa = PBXFileReference; lastKnownFileType = image.png; path = "icon_pin@2x.png"; sourceTree = "<group>"; };
		8971720E1FE7BDB00072FBBE /* icon_world@3x.png */ = {isa = PBXFileReference; lastKnownFileType = image.png; path = "icon_world@3x.png"; sourceTree = "<group>"; };
		8971720F1FE7BDB00072FBBE /* loading@3x.png */ = {isa = PBXFileReference; lastKnownFileType = image.png; path = "loading@3x.png"; sourceTree = "<group>"; };
		897172101FE7BDB00072FBBE /* icon_refresh@3x.png */ = {isa = PBXFileReference; lastKnownFileType = image.png; path = "icon_refresh@3x.png"; sourceTree = "<group>"; };
		897172111FE7BDB00072FBBE /* icon_refresh.png */ = {isa = PBXFileReference; lastKnownFileType = image.png; path = icon_refresh.png; sourceTree = "<group>"; };
		897172121FE7BDB00072FBBE /* logo-u@2x.png */ = {isa = PBXFileReference; lastKnownFileType = image.png; path = "logo-u@2x.png"; sourceTree = "<group>"; };
		897172131FE7BDB00072FBBE /* icon_back-arrow@2x.png */ = {isa = PBXFileReference; lastKnownFileType = image.png; path = "icon_back-arrow@2x.png"; sourceTree = "<group>"; };
		897172141FE7BDB00072FBBE /* icon_back-arrow@3x.png */ = {isa = PBXFileReference; lastKnownFileType = image.png; path = "icon_back-arrow@3x.png"; sourceTree = "<group>"; };
		897172151FE7BDB00072FBBE /* logo-u@3x.png */ = {isa = PBXFileReference; lastKnownFileType = image.png; path = "logo-u@3x.png"; sourceTree = "<group>"; };
		897172161FE7BDB00072FBBE /* icon_back-arrow.png */ = {isa = PBXFileReference; lastKnownFileType = image.png; path = "icon_back-arrow.png"; sourceTree = "<group>"; };
		897172171FE7BDB00072FBBE /* icon_listview-deselected@2x.png */ = {isa = PBXFileReference; lastKnownFileType = image.png; path = "icon_listview-deselected@2x.png"; sourceTree = "<group>"; };
		897172181FE7BDB00072FBBE /* logo-u.png */ = {isa = PBXFileReference; lastKnownFileType = image.png; path = "logo-u.png"; sourceTree = "<group>"; };
		897172191FE7BDB00072FBBE /* icon_listview-deselected@3x.png */ = {isa = PBXFileReference; lastKnownFileType = image.png; path = "icon_listview-deselected@3x.png"; sourceTree = "<group>"; };
		8971721A1FE7BDB00072FBBE /* icon_listview-deselected.png */ = {isa = PBXFileReference; lastKnownFileType = image.png; path = "icon_listview-deselected.png"; sourceTree = "<group>"; };
		8971721B1FE7BDB00072FBBE /* icon_mapview-deselected@2x.png */ = {isa = PBXFileReference; lastKnownFileType = image.png; path = "icon_mapview-deselected@2x.png"; sourceTree = "<group>"; };
		8971721C1FE7BDB00072FBBE /* icon_addpin.png */ = {isa = PBXFileReference; lastKnownFileType = image.png; path = icon_addpin.png; sourceTree = "<group>"; };
		8971721D1FE7BDB00072FBBE /* icon_world.png */ = {isa = PBXFileReference; lastKnownFileType = image.png; path = icon_world.png; sourceTree = "<group>"; };
		8971721E1FE7BDB00072FBBE /* loading.png */ = {isa = PBXFileReference; lastKnownFileType = image.png; path = loading.png; sourceTree = "<group>"; };
		8971721F1FE7BDB00072FBBE /* icon_pin.png */ = {isa = PBXFileReference; lastKnownFileType = image.png; path = icon_pin.png; sourceTree = "<group>"; };
		897172201FE7BDB00072FBBE /* icon_mapview-deselected@3x.png */ = {isa = PBXFileReference; lastKnownFileType = image.png; path = "icon_mapview-deselected@3x.png"; sourceTree = "<group>"; };
		897172211FE7BDB00072FBBE /* icon_mapview-selected.png */ = {isa = PBXFileReference; lastKnownFileType = image.png; path = "icon_mapview-selected.png"; sourceTree = "<group>"; };
/* End PBXFileReference section */

/* Begin PBXFrameworksBuildPhase section */
		897171E81FE71C010072FBBE /* Frameworks */ = {
			isa = PBXFrameworksBuildPhase;
			buildActionMask = 2147483647;
			files = (
			);
			runOnlyForDeploymentPostprocessing = 0;
		};
/* End PBXFrameworksBuildPhase section */

/* Begin PBXGroup section */
		897171E21FE71C010072FBBE = {
			isa = PBXGroup;
			children = (
				897171ED1FE71C010072FBBE /* On The Map */,
				897171EC1FE71C010072FBBE /* Products */,
			);
			sourceTree = "<group>";
		};
		897171EC1FE71C010072FBBE /* Products */ = {
			isa = PBXGroup;
			children = (
				897171EB1FE71C010072FBBE /* On The Map.app */,
			);
			name = Products;
			sourceTree = "<group>";
		};
		897171ED1FE71C010072FBBE /* On The Map */ = {
			isa = PBXGroup;
			children = (
				897171EE1FE71C010072FBBE /* AppDelegate.swift */,
				897171F01FE71C010072FBBE /* ViewController.swift */,
				897171F21FE71C010072FBBE /* Main.storyboard */,
				897171F51FE71C010072FBBE /* Assets.xcassets */,
				897172001FE7BDB00072FBBE /* on-the-map-assets-new */,
				897171F71FE71C010072FBBE /* LaunchScreen.storyboard */,
				897171FA1FE71C010072FBBE /* Info.plist */,
			);
			path = "On The Map";
			sourceTree = "<group>";
		};
		897172001FE7BDB00072FBBE /* on-the-map-assets-new */ = {
			isa = PBXGroup;
			children = (
				897172011FE7BDB00072FBBE /* icon_refresh@2x.png */,
				897172021FE7BDB00072FBBE /* icon_mapview-deselected.png */,
				897172031FE7BDB00072FBBE /* loading@2x.png */,
				897172041FE7BDB00072FBBE /* icon_world@2x.png */,
				897172051FE7BDB00072FBBE /* icon_pin@3x.png */,
				897172061FE7BDB00072FBBE /* icon_listview-selected.png */,
				897172071FE7BDB00072FBBE /* icon_mapview-selected@2x.png */,
				897172081FE7BDB00072FBBE /* icon_addpin@2x.png */,
				897172091FE7BDB00072FBBE /* icon_listview-selected@2x.png */,
				8971720A1FE7BDB00072FBBE /* icon_listview-selected@3x.png */,
				8971720B1FE7BDB00072FBBE /* icon_addpin@3x.png */,
				8971720C1FE7BDB00072FBBE /* icon_mapview-selected@3x.png */,
				8971720D1FE7BDB00072FBBE /* icon_pin@2x.png */,
				8971720E1FE7BDB00072FBBE /* icon_world@3x.png */,
				8971720F1FE7BDB00072FBBE /* loading@3x.png */,
				897172101FE7BDB00072FBBE /* icon_refresh@3x.png */,
				897172111FE7BDB00072FBBE /* icon_refresh.png */,
				897172121FE7BDB00072FBBE /* logo-u@2x.png */,
				897172131FE7BDB00072FBBE /* icon_back-arrow@2x.png */,
				897172141FE7BDB00072FBBE /* icon_back-arrow@3x.png */,
				897172151FE7BDB00072FBBE /* logo-u@3x.png */,
				897172161FE7BDB00072FBBE /* icon_back-arrow.png */,
				897172171FE7BDB00072FBBE /* icon_listview-deselected@2x.png */,
				897172181FE7BDB00072FBBE /* logo-u.png */,
				897172191FE7BDB00072FBBE /* icon_listview-deselected@3x.png */,
				8971721A1FE7BDB00072FBBE /* icon_listview-deselected.png */,
				8971721B1FE7BDB00072FBBE /* icon_mapview-deselected@2x.png */,
				8971721C1FE7BDB00072FBBE /* icon_addpin.png */,
				8971721D1FE7BDB00072FBBE /* icon_world.png */,
				8971721E1FE7BDB00072FBBE /* loading.png */,
				8971721F1FE7BDB00072FBBE /* icon_pin.png */,
				897172201FE7BDB00072FBBE /* icon_mapview-deselected@3x.png */,
				897172211FE7BDB00072FBBE /* icon_mapview-selected.png */,
			);
			path = "on-the-map-assets-new";
			sourceTree = "<group>";
		};
/* End PBXGroup section */

/* Begin PBXNativeTarget section */
		897171EA1FE71C010072FBBE /* On The Map */ = {
			isa = PBXNativeTarget;
			buildConfigurationList = 897171FD1FE71C010072FBBE /* Build configuration list for PBXNativeTarget "On The Map" */;
			buildPhases = (
				897171E71FE71C010072FBBE /* Sources */,
				897171E81FE71C010072FBBE /* Frameworks */,
				897171E91FE71C010072FBBE /* Resources */,
			);
			buildRules = (
			);
			dependencies = (
			);
			name = "On The Map";
			productName = "On The Map";
			productReference = 897171EB1FE71C010072FBBE /* On The Map.app */;
			productType = "com.apple.product-type.application";
		};
/* End PBXNativeTarget section */

/* Begin PBXProject section */
		897171E31FE71C010072FBBE /* Project object */ = {
			isa = PBXProject;
			attributes = {
				LastSwiftUpdateCheck = 0920;
				LastUpgradeCheck = 0920;
				ORGANIZATIONNAME = Alphonso;
				TargetAttributes = {
					897171EA1FE71C010072FBBE = {
						CreatedOnToolsVersion = 9.2;
						ProvisioningStyle = Automatic;
					};
				};
			};
			buildConfigurationList = 897171E61FE71C010072FBBE /* Build configuration list for PBXProject "On The Map" */;
			compatibilityVersion = "Xcode 8.0";
			developmentRegion = en;
			hasScannedForEncodings = 0;
			knownRegions = (
				en,
				Base,
			);
			mainGroup = 897171E21FE71C010072FBBE;
			productRefGroup = 897171EC1FE71C010072FBBE /* Products */;
			projectDirPath = "";
			projectRoot = "";
			targets = (
				897171EA1FE71C010072FBBE /* On The Map */,
			);
		};
/* End PBXProject section */

/* Begin PBXResourcesBuildPhase section */
		897171E91FE71C010072FBBE /* Resources */ = {
			isa = PBXResourcesBuildPhase;
			buildActionMask = 2147483647;
			files = (
				897172411FE7BDB00072FBBE /* icon_mapview-deselected@3x.png in Resources */,
				8971722C1FE7BDB00072FBBE /* icon_addpin@3x.png in Resources */,
				897172281FE7BDB00072FBBE /* icon_mapview-selected@2x.png in Resources */,
				897172291FE7BDB00072FBBE /* icon_addpin@2x.png in Resources */,
				897171F91FE71C010072FBBE /* LaunchScreen.storyboard in Resources */,
				897172391FE7BDB00072FBBE /* logo-u.png in Resources */,
				897172251FE7BDB00072FBBE /* icon_world@2x.png in Resources */,
				897172311FE7BDB00072FBBE /* icon_refresh@3x.png in Resources */,
				897172371FE7BDB00072FBBE /* icon_back-arrow.png in Resources */,
				8971722D1FE7BDB00072FBBE /* icon_mapview-selected@3x.png in Resources */,
				897172271FE7BDB00072FBBE /* icon_listview-selected.png in Resources */,
				897171F61FE71C010072FBBE /* Assets.xcassets in Resources */,
				897171F41FE71C010072FBBE /* Main.storyboard in Resources */,
				8971723B1FE7BDB00072FBBE /* icon_listview-deselected.png in Resources */,
				8971722A1FE7BDB00072FBBE /* icon_listview-selected@2x.png in Resources */,
				897172301FE7BDB00072FBBE /* loading@3x.png in Resources */,
				8971722F1FE7BDB00072FBBE /* icon_world@3x.png in Resources */,
				897172261FE7BDB00072FBBE /* icon_pin@3x.png in Resources */,
				8971723E1FE7BDB00072FBBE /* icon_world.png in Resources */,
				897172421FE7BDB00072FBBE /* icon_mapview-selected.png in Resources */,
				897172341FE7BDB00072FBBE /* icon_back-arrow@2x.png in Resources */,
				8971723D1FE7BDB00072FBBE /* icon_addpin.png in Resources */,
				8971722E1FE7BDB00072FBBE /* icon_pin@2x.png in Resources */,
				897172241FE7BDB00072FBBE /* loading@2x.png in Resources */,
				897172401FE7BDB00072FBBE /* icon_pin.png in Resources */,
				897172231FE7BDB00072FBBE /* icon_mapview-deselected.png in Resources */,
				8971723C1FE7BDB00072FBBE /* icon_mapview-deselected@2x.png in Resources */,
				8971722B1FE7BDB00072FBBE /* icon_listview-selected@3x.png in Resources */,
				897172381FE7BDB00072FBBE /* icon_listview-deselected@2x.png in Resources */,
				897172321FE7BDB00072FBBE /* icon_refresh.png in Resources */,
				897172331FE7BDB00072FBBE /* logo-u@2x.png in Resources */,
				897172351FE7BDB00072FBBE /* icon_back-arrow@3x.png in Resources */,
				897172361FE7BDB00072FBBE /* logo-u@3x.png in Resources */,
				8971723F1FE7BDB00072FBBE /* loading.png in Resources */,
				897172221FE7BDB00072FBBE /* icon_refresh@2x.png in Resources */,
				8971723A1FE7BDB00072FBBE /* icon_listview-deselected@3x.png in Resources */,
			);
			runOnlyForDeploymentPostprocessing = 0;
		};
/* End PBXResourcesBuildPhase section */

/* Begin PBXSourcesBuildPhase section */
		897171E71FE71C010072FBBE /* Sources */ = {
			isa = PBXSourcesBuildPhase;
			buildActionMask = 2147483647;
			files = (
				897171F11FE71C010072FBBE /* ViewController.swift in Sources */,
				897171EF1FE71C010072FBBE /* AppDelegate.swift in Sources */,
			);
			runOnlyForDeploymentPostprocessing = 0;
		};
/* End PBXSourcesBuildPhase section */

/* Begin PBXVariantGroup section */
		897171F21FE71C010072FBBE /* Main.storyboard */ = {
			isa = PBXVariantGroup;
			children = (
				897171F31FE71C010072FBBE /* Base */,
			);
			name = Main.storyboard;
			sourceTree = "<group>";
		};
		897171F71FE71C010072FBBE /* LaunchScreen.storyboard */ = {
			isa = PBXVariantGroup;
			children = (
				897171F81FE71C010072FBBE /* Base */,
			);
			name = LaunchScreen.storyboard;
			sourceTree = "<group>";
		};
/* End PBXVariantGroup section */

/* Begin XCBuildConfiguration section */
		897171FB1FE71C010072FBBE /* Debug */ = {
			isa = XCBuildConfiguration;
			buildSettings = {
				ALWAYS_SEARCH_USER_PATHS = NO;
				CLANG_ANALYZER_NONNULL = YES;
				CLANG_ANALYZER_NUMBER_OBJECT_CONVERSION = YES_AGGRESSIVE;
				CLANG_CXX_LANGUAGE_STANDARD = "gnu++14";
				CLANG_CXX_LIBRARY = "libc++";
				CLANG_ENABLE_MODULES = YES;
				CLANG_ENABLE_OBJC_ARC = YES;
				CLANG_WARN_BLOCK_CAPTURE_AUTORELEASING = YES;
				CLANG_WARN_BOOL_CONVERSION = YES;
				CLANG_WARN_COMMA = YES;
				CLANG_WARN_CONSTANT_CONVERSION = YES;
				CLANG_WARN_DIRECT_OBJC_ISA_USAGE = YES_ERROR;
				CLANG_WARN_DOCUMENTATION_COMMENTS = YES;
				CLANG_WARN_EMPTY_BODY = YES;
				CLANG_WARN_ENUM_CONVERSION = YES;
				CLANG_WARN_INFINITE_RECURSION = YES;
				CLANG_WARN_INT_CONVERSION = YES;
				CLANG_WARN_NON_LITERAL_NULL_CONVERSION = YES;
				CLANG_WARN_OBJC_LITERAL_CONVERSION = YES;
				CLANG_WARN_OBJC_ROOT_CLASS = YES_ERROR;
				CLANG_WARN_RANGE_LOOP_ANALYSIS = YES;
				CLANG_WARN_STRICT_PROTOTYPES = YES;
				CLANG_WARN_SUSPICIOUS_MOVE = YES;
				CLANG_WARN_UNGUARDED_AVAILABILITY = YES_AGGRESSIVE;
				CLANG_WARN_UNREACHABLE_CODE = YES;
				CLANG_WARN__DUPLICATE_METHOD_MATCH = YES;
				CODE_SIGN_IDENTITY = "iPhone Developer";
				COPY_PHASE_STRIP = NO;
				DEBUG_INFORMATION_FORMAT = dwarf;
				ENABLE_STRICT_OBJC_MSGSEND = YES;
				ENABLE_TESTABILITY = YES;
				GCC_C_LANGUAGE_STANDARD = gnu11;
				GCC_DYNAMIC_NO_PIC = NO;
				GCC_NO_COMMON_BLOCKS = YES;
				GCC_OPTIMIZATION_LEVEL = 0;
				GCC_PREPROCESSOR_DEFINITIONS = (
					"DEBUG=1",
					"$(inherited)",
				);
				GCC_WARN_64_TO_32_BIT_CONVERSION = YES;
				GCC_WARN_ABOUT_RETURN_TYPE = YES_ERROR;
				GCC_WARN_UNDECLARED_SELECTOR = YES;
				GCC_WARN_UNINITIALIZED_AUTOS = YES_AGGRESSIVE;
				GCC_WARN_UNUSED_FUNCTION = YES;
				GCC_WARN_UNUSED_VARIABLE = YES;
				IPHONEOS_DEPLOYMENT_TARGET = 11.2;
				MTL_ENABLE_DEBUG_INFO = YES;
				ONLY_ACTIVE_ARCH = YES;
				SDKROOT = iphoneos;
				SWIFT_ACTIVE_COMPILATION_CONDITIONS = DEBUG;
				SWIFT_OPTIMIZATION_LEVEL = "-Onone";
			};
			name = Debug;
		};
		897171FC1FE71C010072FBBE /* Release */ = {
			isa = XCBuildConfiguration;
			buildSettings = {
				ALWAYS_SEARCH_USER_PATHS = NO;
				CLANG_ANALYZER_NONNULL = YES;
				CLANG_ANALYZER_NUMBER_OBJECT_CONVERSION = YES_AGGRESSIVE;
				CLANG_CXX_LANGUAGE_STANDARD = "gnu++14";
				CLANG_CXX_LIBRARY = "libc++";
				CLANG_ENABLE_MODULES = YES;
				CLANG_ENABLE_OBJC_ARC = YES;
				CLANG_WARN_BLOCK_CAPTURE_AUTORELEASING = YES;
				CLANG_WARN_BOOL_CONVERSION = YES;
				CLANG_WARN_COMMA = YES;
				CLANG_WARN_CONSTANT_CONVERSION = YES;
				CLANG_WARN_DIRECT_OBJC_ISA_USAGE = YES_ERROR;
				CLANG_WARN_DOCUMENTATION_COMMENTS = YES;
				CLANG_WARN_EMPTY_BODY = YES;
				CLANG_WARN_ENUM_CONVERSION = YES;
				CLANG_WARN_INFINITE_RECURSION = YES;
				CLANG_WARN_INT_CONVERSION = YES;
				CLANG_WARN_NON_LITERAL_NULL_CONVERSION = YES;
				CLANG_WARN_OBJC_LITERAL_CONVERSION = YES;
				CLANG_WARN_OBJC_ROOT_CLASS = YES_ERROR;
				CLANG_WARN_RANGE_LOOP_ANALYSIS = YES;
				CLANG_WARN_STRICT_PROTOTYPES = YES;
				CLANG_WARN_SUSPICIOUS_MOVE = YES;
				CLANG_WARN_UNGUARDED_AVAILABILITY = YES_AGGRESSIVE;
				CLANG_WARN_UNREACHABLE_CODE = YES;
				CLANG_WARN__DUPLICATE_METHOD_MATCH = YES;
				CODE_SIGN_IDENTITY = "iPhone Developer";
				COPY_PHASE_STRIP = NO;
				DEBUG_INFORMATION_FORMAT = "dwarf-with-dsym";
				ENABLE_NS_ASSERTIONS = NO;
				ENABLE_STRICT_OBJC_MSGSEND = YES;
				GCC_C_LANGUAGE_STANDARD = gnu11;
				GCC_NO_COMMON_BLOCKS = YES;
				GCC_WARN_64_TO_32_BIT_CONVERSION = YES;
				GCC_WARN_ABOUT_RETURN_TYPE = YES_ERROR;
				GCC_WARN_UNDECLARED_SELECTOR = YES;
				GCC_WARN_UNINITIALIZED_AUTOS = YES_AGGRESSIVE;
				GCC_WARN_UNUSED_FUNCTION = YES;
				GCC_WARN_UNUSED_VARIABLE = YES;
				IPHONEOS_DEPLOYMENT_TARGET = 11.2;
				MTL_ENABLE_DEBUG_INFO = NO;
				SDKROOT = iphoneos;
				SWIFT_OPTIMIZATION_LEVEL = "-Owholemodule";
				VALIDATE_PRODUCT = YES;
			};
			name = Release;
		};
		897171FE1FE71C010072FBBE /* Debug */ = {
			isa = XCBuildConfiguration;
			buildSettings = {
				ASSETCATALOG_COMPILER_APPICON_NAME = AppIcon;
				CODE_SIGN_STYLE = Automatic;
				DEVELOPMENT_TEAM = 6257XTCRBF;
				INFOPLIST_FILE = "On The Map/Info.plist";
				LD_RUNPATH_SEARCH_PATHS = "$(inherited) @executable_path/Frameworks";
				PRODUCT_BUNDLE_IDENTIFIER = "com.Alphonso-Sensley-II.On-The-Map";
				PRODUCT_NAME = "$(TARGET_NAME)";
				SWIFT_VERSION = 4.0;
				TARGETED_DEVICE_FAMILY = "1,2";
			};
			name = Debug;
		};
		897171FF1FE71C010072FBBE /* Release */ = {
			isa = XCBuildConfiguration;
			buildSettings = {
				ASSETCATALOG_COMPILER_APPICON_NAME = AppIcon;
				CODE_SIGN_STYLE = Automatic;
				DEVELOPMENT_TEAM = 6257XTCRBF;
				INFOPLIST_FILE = "On The Map/Info.plist";
				LD_RUNPATH_SEARCH_PATHS = "$(inherited) @executable_path/Frameworks";
				PRODUCT_BUNDLE_IDENTIFIER = "com.Alphonso-Sensley-II.On-The-Map";
				PRODUCT_NAME = "$(TARGET_NAME)";
				SWIFT_VERSION = 4.0;
				TARGETED_DEVICE_FAMILY = "1,2";
			};
			name = Release;
		};
/* End XCBuildConfiguration section */

/* Begin XCConfigurationList section */
		897171E61FE71C010072FBBE /* Build configuration list for PBXProject "On The Map" */ = {
			isa = XCConfigurationList;
			buildConfigurations = (
				897171FB1FE71C010072FBBE /* Debug */,
				897171FC1FE71C010072FBBE /* Release */,
			);
			defaultConfigurationIsVisible = 0;
			defaultConfigurationName = Release;
		};
		897171FD1FE71C010072FBBE /* Build configuration list for PBXNativeTarget "On The Map" */ = {
			isa = XCConfigurationList;
			buildConfigurations = (
				897171FE1FE71C010072FBBE /* Debug */,
				897171FF1FE71C010072FBBE /* Release */,
			);
			defaultConfigurationIsVisible = 0;
			defaultConfigurationName = Release;
		};
/* End XCConfigurationList section */
	};
	rootObject = 897171E31FE71C010072FBBE /* Project object */;
}
